
Microsoft Visual Studio Solution File, Format Version 12.00
# Visual Studio Version 17
VisualStudioVersion = 17.13.35919.96 d17.13
MinimumVisualStudioVersion = 10.0.40219.1
Project("{FAE04EC0-301F-11D3-BF4B-00C04F79EFBC}") = "chatbot.Api", "chatbot.Api\chatbot.Api.csproj", "{A44D28F3-3BEA-4676-B9A4-723EAF6F17E8}"
EndProject
Project("{FAE04EC0-301F-11D3-BF4B-00C04F79EFBC}") = "chatbot.Core", "chatbot.Core\chatbot.Core.csproj", "{1543C7DC-5FA6-405E-9AB4-E375355A5C41}"
EndProject
Project("{FAE04EC0-301F-11D3-BF4B-00C04F79EFBC}") = "chatbot.Ef", "chatbot.Ef\chatbot.Ef.csproj", "{75102B58-CEDB-41AD-9DB4-45AB93180EB8}"
EndProject
Global
	GlobalSection(SolutionConfigurationPlatforms) = preSolution
		Debug|Any CPU = Debug|Any CPU
		Release|Any CPU = Release|Any CPU
	EndGlobalSection
	GlobalSection(ProjectConfigurationPlatforms) = postSolution
		{A44D28F3-3BEA-4676-B9A4-723EAF6F17E8}.Debug|Any CPU.ActiveCfg = Debug|Any CPU
		{A44D28F3-3BEA-4676-B9A4-723EAF6F17E8}.Debug|Any CPU.Build.0 = Debug|Any CPU
		{A44D28F3-3BEA-4676-B9A4-723EAF6F17E8}.Release|Any CPU.ActiveCfg = Release|Any CPU
		{A44D28F3-3BEA-4676-B9A4-723EAF6F17E8}.Release|Any CPU.Build.0 = Release|Any CPU
		{1543C7DC-5FA6-405E-9AB4-E375355A5C41}.Debug|Any CPU.ActiveCfg = Debug|Any CPU
		{1543C7DC-5FA6-405E-9AB4-E375355A5C41}.Debug|Any CPU.Build.0 = Debug|Any CPU
		{1543C7DC-5FA6-405E-9AB4-E375355A5C41}.Release|Any CPU.ActiveCfg = Release|Any CPU
		{1543C7DC-5FA6-405E-9AB4-E375355A5C41}.Release|Any CPU.Build.0 = Release|Any CPU
		{75102B58-CEDB-41AD-9DB4-45AB93180EB8}.Debug|Any CPU.ActiveCfg = Debug|Any CPU
		{75102B58-CEDB-41AD-9DB4-45AB93180EB8}.Debug|Any CPU.Build.0 = Debug|Any CPU
		{75102B58-CEDB-41AD-9DB4-45AB93180EB8}.Release|Any CPU.ActiveCfg = Release|Any CPU
		{75102B58-CEDB-41AD-9DB4-45AB93180EB8}.Release|Any CPU.Build.0 = Release|Any CPU
	EndGlobalSection
	GlobalSection(SolutionProperties) = preSolution
		HideSolutionNode = FALSE
	EndGlobalSection
	GlobalSection(ExtensibilityGlobals) = postSolution
		SolutionGuid = {5927446F-1F11-4CF7-A552-B63BDF553E28}
	EndGlobalSection
EndGlobal
